// !$*UTF8*$!
{
	archiveVersion = 1;
	classes = {
	};
	objectVersion = 55;
	objects = {

/* Begin PBXBuildFile section */
		487903B727B4C10700E9389A /* AppDelegate.swift in Sources */ = {isa = PBXBuildFile; fileRef = 487903B627B4C10700E9389A /* AppDelegate.swift */; };
		487903B927B4C10700E9389A /* SceneDelegate.swift in Sources */ = {isa = PBXBuildFile; fileRef = 487903B827B4C10700E9389A /* SceneDelegate.swift */; };
		487903BB27B4C10700E9389A /* ViewController.swift in Sources */ = {isa = PBXBuildFile; fileRef = 487903BA27B4C10700E9389A /* ViewController.swift */; };
		487903BE27B4C10700E9389A /* Main.storyboard in Resources */ = {isa = PBXBuildFile; fileRef = 487903BC27B4C10700E9389A /* Main.storyboard */; };
		487903C027B4C10800E9389A /* Assets.xcassets in Resources */ = {isa = PBXBuildFile; fileRef = 487903BF27B4C10800E9389A /* Assets.xcassets */; };
		487903C327B4C10800E9389A /* LaunchScreen.storyboard in Resources */ = {isa = PBXBuildFile; fileRef = 487903C127B4C10800E9389A /* LaunchScreen.storyboard */; };
		487903D227B4C1BF00E9389A /* A.wav in Resources */ = {isa = PBXBuildFile; fileRef = 487903CB27B4C1BE00E9389A /* A.wav */; };
		487903D327B4C1BF00E9389A /* C.wav in Resources */ = {isa = PBXBuildFile; fileRef = 487903CC27B4C1BE00E9389A /* C.wav */; };
		487903D427B4C1BF00E9389A /* B.wav in Resources */ = {isa = PBXBuildFile; fileRef = 487903CD27B4C1BE00E9389A /* B.wav */; };
		487903D527B4C1BF00E9389A /* F.wav in Resources */ = {isa = PBXBuildFile; fileRef = 487903CE27B4C1BE00E9389A /* F.wav */; };
		487903D627B4C1BF00E9389A /* G.wav in Resources */ = {isa = PBXBuildFile; fileRef = 487903CF27B4C1BE00E9389A /* G.wav */; };
		487903D727B4C1BF00E9389A /* E.wav in Resources */ = {isa = PBXBuildFile; fileRef = 487903D027B4C1BE00E9389A /* E.wav */; };
		487903D827B4C1BF00E9389A /* D.wav in Resources */ = {isa = PBXBuildFile; fileRef = 487903D127B4C1BE00E9389A /* D.wav */; };
/* End PBXBuildFile section */

/* Begin PBXFileReference section */
		487903B327B4C10700E9389A /* MusicApp.app */ = {isa = PBXFileReference; explicitFileType = wrapper.application; includeInIndex = 0; path = MusicApp.app; sourceTree = BUILT_PRODUCTS_DIR; };
		487903B627B4C10700E9389A /* AppDelegate.swift */ = {isa = PBXFileReference; lastKnownFileType = sourcecode.swift; path = AppDelegate.swift; sourceTree = "<group>"; };
		487903B827B4C10700E9389A /* SceneDelegate.swift */ = {isa = PBXFileReference; lastKnownFileType = sourcecode.swift; path = SceneDelegate.swift; sourceTree = "<group>"; };
		487903BA27B4C10700E9389A /* ViewController.swift */ = {isa = PBXFileReference; lastKnownFileType = sourcecode.swift; path = ViewController.swift; sourceTree = "<group>"; };
		487903BD27B4C10700E9389A /* Base */ = {isa = PBXFileReference; lastKnownFileType = file.storyboard; name = Base; path = Base.lproj/Main.storyboard; sourceTree = "<group>"; };
		487903BF27B4C10800E9389A /* Assets.xcassets */ = {isa = PBXFileReference; lastKnownFileType = folder.assetcatalog; path = Assets.xcassets; sourceTree = "<group>"; };
		487903C227B4C10800E9389A /* Base */ = {isa = PBXFileReference; lastKnownFileType = file.storyboard; name = Base; path = Base.lproj/LaunchScreen.storyboard; sourceTree = "<group>"; };
		487903C427B4C10800E9389A /* Info.plist */ = {isa = PBXFileReference; lastKnownFileType = text.plist.xml; path = Info.plist; sourceTree = "<group>"; };
		487903CB27B4C1BE00E9389A /* A.wav */ = {isa = PBXFileReference; lastKnownFileType = audio.wav; path = A.wav; sourceTree = "<group>"; };
		487903CC27B4C1BE00E9389A /* C.wav */ = {isa = PBXFileReference; lastKnownFileType = audio.wav; path = C.wav; sourceTree = "<group>"; };
		487903CD27B4C1BE00E9389A /* B.wav */ = {isa = PBXFileReference; lastKnownFileType = audio.wav; path = B.wav; sourceTree = "<group>"; };
		487903CE27B4C1BE00E9389A /* F.wav */ = {isa = PBXFileReference; lastKnownFileType = audio.wav; path = F.wav; sourceTree = "<group>"; };
		487903CF27B4C1BE00E9389A /* G.wav */ = {isa = PBXFileReference; lastKnownFileType = audio.wav; path = G.wav; sourceTree = "<group>"; };
		487903D027B4C1BE00E9389A /* E.wav */ = {isa = PBXFileReference; lastKnownFileType = audio.wav; path = E.wav; sourceTree = "<group>"; };
		487903D127B4C1BE00E9389A /* D.wav */ = {isa = PBXFileReference; lastKnownFileType = audio.wav; path = D.wav; sourceTree = "<group>"; };
/* End PBXFileReference section */

/* Begin PBXFrameworksBuildPhase section */
		487903B027B4C10700E9389A /* Frameworks */ = {
			isa = PBXFrameworksBuildPhase;
			buildActionMask = 2147483647;
			files = (
			);
			runOnlyForDeploymentPostprocessing = 0;
		};
/* End PBXFrameworksBuildPhase section */

/* Begin PBXGroup section */
		487903AA27B4C10600E9389A = {
			isa = PBXGroup;
			children = (
				487903B527B4C10700E9389A /* MusicApp */,
				487903B427B4C10700E9389A /* Products */,
			);
			sourceTree = "<group>";
		};
		487903B427B4C10700E9389A /* Products */ = {
			isa = PBXGroup;
			children = (
				487903B327B4C10700E9389A /* MusicApp.app */,
			);
			name = Products;
			sourceTree = "<group>";
		};
		487903B527B4C10700E9389A /* MusicApp */ = {
			isa = PBXGroup;
			children = (
				487903B627B4C10700E9389A /* AppDelegate.swift */,
				487903B827B4C10700E9389A /* SceneDelegate.swift */,
				487903BA27B4C10700E9389A /* ViewController.swift */,
				487903BC27B4C10700E9389A /* Main.storyboard */,
				487903BF27B4C10800E9389A /* Assets.xcassets */,
				487903C127B4C10800E9389A /* LaunchScreen.storyboard */,
				487903C427B4C10800E9389A /* Info.plist */,
				487903CA27B4C1BE00E9389A /* Sounds */,
			);
			path = MusicApp;
			sourceTree = "<group>";
		};
		487903CA27B4C1BE00E9389A /* Sounds */ = {
			isa = PBXGroup;
			children = (
				487903CB27B4C1BE00E9389A /* A.wav */,
				487903CC27B4C1BE00E9389A /* C.wav */,
				487903CD27B4C1BE00E9389A /* B.wav */,
				487903CE27B4C1BE00E9389A /* F.wav */,
				487903CF27B4C1BE00E9389A /* G.wav */,
				487903D027B4C1BE00E9389A /* E.wav */,
				487903D127B4C1BE00E9389A /* D.wav */,
			);
			name = Sounds;
			path = "../../xcodeapps/AnglinaCourse/Xylophone-iOS13/Xylophone/Sounds";
			sourceTree = "<group>";
		};
/* End PBXGroup section */

/* Begin PBXNativeTarget section */
		487903B227B4C10700E9389A /* MusicApp */ = {
			isa = PBXNativeTarget;
			buildConfigurationList = 487903C727B4C10800E9389A /* Build configuration list for PBXNativeTarget "MusicApp" */;
			buildPhases = (
				487903AF27B4C10700E9389A /* Sources */,
				487903B027B4C10700E9389A /* Frameworks */,
				487903B127B4C10700E9389A /* Resources */,
			);
			buildRules = (
			);
			dependencies = (
			);
			name = MusicApp;
			productName = MusicApp;
			productReference = 487903B327B4C10700E9389A /* MusicApp.app */;
			productType = "com.apple.product-type.application";
		};
/* End PBXNativeTarget section */

/* Begin PBXProject section */
		487903AB27B4C10600E9389A /* Project object */ = {
			isa = PBXProject;
			attributes = {
				BuildIndependentTargetsInParallel = 1;
				LastSwiftUpdateCheck = 1320;
				LastUpgradeCheck = 1320;
				TargetAttributes = {
					487903B227B4C10700E9389A = {
						CreatedOnToolsVersion = 13.2.1;
					};
				};
			};
			buildConfigurationList = 487903AE27B4C10600E9389A /* Build configuration list for PBXProject "MusicApp" */;
			compatibilityVersion = "Xcode 13.0";
			developmentRegion = en;
			hasScannedForEncodings = 0;
			knownRegions = (
				en,
				Base,
			);
			mainGroup = 487903AA27B4C10600E9389A;
			productRefGroup = 487903B427B4C10700E9389A /* Products */;
			projectDirPath = "";
			projectRoot = "";
			targets = (
				487903B227B4C10700E9389A /* MusicApp */,
			);
		};
/* End PBXProject section */

/* Begin PBXResourcesBuildPhase section */
		487903B127B4C10700E9389A /* Resources */ = {
			isa = PBXResourcesBuildPhase;
			buildActionMask = 2147483647;
			files = (
				487903D627B4C1BF00E9389A /* G.wav in Resources */,
				487903C327B4C10800E9389A /* LaunchScreen.storyboard in Resources */,
				487903D527B4C1BF00E9389A /* F.wav in Resources */,
				487903C027B4C10800E9389A /* Assets.xcassets in Resources */,
				487903D227B4C1BF00E9389A /* A.wav in Resources */,
				487903D427B4C1BF00E9389A /* B.wav in Resources */,
				487903D727B4C1BF00E9389A /* E.wav in Resources */,
				487903D827B4C1BF00E9389A /* D.wav in Resources */,
				487903BE27B4C10700E9389A /* Main.storyboard in Resources */,
				487903D327B4C1BF00E9389A /* C.wav in Resources */,
			);
			runOnlyForDeploymentPostprocessing = 0;
		};
/* End PBXResourcesBuildPhase section */

/* Begin PBXSourcesBuildPhase section */
		487903AF27B4C10700E9389A /* Sources */ = {
			isa = PBXSourcesBuildPhase;
			buildActionMask = 2147483647;
			files = (
				487903BB27B4C10700E9389A /* ViewController.swift in Sources */,
				487903B727B4C10700E9389A /* AppDelegate.swift in Sources */,
				487903B927B4C10700E9389A /* SceneDelegate.swift in Sources */,
			);
			runOnlyForDeploymentPostprocessing = 0;
		};
/* End PBXSourcesBuildPhase section */

/* Begin PBXVariantGroup section */
		487903BC27B4C10700E9389A /* Main.storyboard */ = {
			isa = PBXVariantGroup;
			children = (
				487903BD27B4C10700E9389A /* Base */,
			);
			name = Main.storyboard;
			sourceTree = "<group>";
		};
		487903C127B4C10800E9389A /* LaunchScreen.storyboard */ = {
			isa = PBXVariantGroup;
			children = (
				487903C227B4C10800E9389A /* Base */,
			);
			name = LaunchScreen.storyboard;
			sourceTree = "<group>";
		};
/* End PBXVariantGroup section */

/* Begin XCBuildConfiguration section */
		487903C527B4C10800E9389A /* Debug */ = {
			isa = XCBuildConfiguration;
			buildSettings = {
				ALWAYS_SEARCH_USER_PATHS = NO;
				CLANG_ANALYZER_NONNULL = YES;
				CLANG_ANALYZER_NUMBER_OBJECT_CONVERSION = YES_AGGRESSIVE;
				CLANG_CXX_LANGUAGE_STANDARD = "gnu++17";
				CLANG_CXX_LIBRARY = "libc++";
				CLANG_ENABLE_MODULES = YES;
				CLANG_ENABLE_OBJC_ARC = YES;
				CLANG_ENABLE_OBJC_WEAK = YES;
				CLANG_WARN_BLOCK_CAPTURE_AUTORELEASING = YES;
				CLANG_WARN_BOOL_CONVERSION = YES;
				CLANG_WARN_COMMA = YES;
				CLANG_WARN_CONSTANT_CONVERSION = YES;
				CLANG_WARN_DEPRECATED_OBJC_IMPLEMENTATIONS = YES;
				CLANG_WARN_DIRECT_OBJC_ISA_USAGE = YES_ERROR;
				CLANG_WARN_DOCUMENTATION_COMMENTS = YES;
				CLANG_WARN_EMPTY_BODY = YES;
				CLANG_WARN_ENUM_CONVERSION = YES;
				CLANG_WARN_INFINITE_RECURSION = YES;
				CLANG_WARN_INT_CONVERSION = YES;
				CLANG_WARN_NON_LITERAL_NULL_CONVERSION = YES;
				CLANG_WARN_OBJC_IMPLICIT_RETAIN_SELF = YES;
				CLANG_WARN_OBJC_LITERAL_CONVERSION = YES;
				CLANG_WARN_OBJC_ROOT_CLASS = YES_ERROR;
				CLANG_WARN_QUOTED_INCLUDE_IN_FRAMEWORK_HEADER = YES;
				CLANG_WARN_RANGE_LOOP_ANALYSIS = YES;
				CLANG_WARN_STRICT_PROTOTYPES = YES;
				CLANG_WARN_SUSPICIOUS_MOVE = YES;
				CLANG_WARN_UNGUARDED_AVAILABILITY = YES_AGGRESSIVE;
				CLANG_WARN_UNREACHABLE_CODE = YES;
				CLANG_WARN__DUPLICATE_METHOD_MATCH = YES;
				COPY_PHASE_STRIP = NO;
				DEBUG_INFORMATION_FORMAT = dwarf;
				ENABLE_STRICT_OBJC_MSGSEND = YES;
				ENABLE_TESTABILITY = YES;
				GCC_C_LANGUAGE_STANDARD = gnu11;
				GCC_DYNAMIC_NO_PIC = NO;
				GCC_NO_COMMON_BLOCKS = YES;
				GCC_OPTIMIZATION_LEVEL = 0;
				GCC_PREPROCESSOR_DEFINITIONS = (
					"DEBUG=1",
					"$(inherited)",
				);
				GCC_WARN_64_TO_32_BIT_CONVERSION = YES;
				GCC_WARN_ABOUT_RETURN_TYPE = YES_ERROR;
				GCC_WARN_UNDECLARED_SELECTOR = YES;
				GCC_WARN_UNINITIALIZED_AUTOS = YES_AGGRESSIVE;
				GCC_WARN_UNUSED_FUNCTION = YES;
				GCC_WARN_UNUSED_VARIABLE = YES;
				IPHONEOS_DEPLOYMENT_TARGET = 15.2;
				MTL_ENABLE_DEBUG_INFO = INCLUDE_SOURCE;
				MTL_FAST_MATH = YES;
				ONLY_ACTIVE_ARCH = YES;
				SDKROOT = iphoneos;
				SWIFT_ACTIVE_COMPILATION_CONDITIONS = DEBUG;
				SWIFT_OPTIMIZATION_LEVEL = "-Onone";
			};
			name = Debug;
		};
		487903C627B4C10800E9389A /* Release */ = {
			isa = XCBuildConfiguration;
			buildSettings = {
				ALWAYS_SEARCH_USER_PATHS = NO;
				CLANG_ANALYZER_NONNULL = YES;
				CLANG_ANALYZER_NUMBER_OBJECT_CONVERSION = YES_AGGRESSIVE;
				CLANG_CXX_LANGUAGE_STANDARD = "gnu++17";
				CLANG_CXX_LIBRARY = "libc++";
				CLANG_ENABLE_MODULES = YES;
				CLANG_ENABLE_OBJC_ARC = YES;
				CLANG_ENABLE_OBJC_WEAK = YES;
				CLANG_WARN_BLOCK_CAPTURE_AUTORELEASING = YES;
				CLANG_WARN_BOOL_CONVERSION = YES;
				CLANG_WARN_COMMA = YES;
				CLANG_WARN_CONSTANT_CONVERSION = YES;
				CLANG_WARN_DEPRECATED_OBJC_IMPLEMENTATIONS = YES;
				CLANG_WARN_DIRECT_OBJC_ISA_USAGE = YES_ERROR;
				CLANG_WARN_DOCUMENTATION_COMMENTS = YES;
				CLANG_WARN_EMPTY_BODY = YES;
				CLANG_WARN_ENUM_CONVERSION = YES;
				CLANG_WARN_INFINITE_RECURSION = YES;
				CLANG_WARN_INT_CONVERSION = YES;
				CLANG_WARN_NON_LITERAL_NULL_CONVERSION = YES;
				CLANG_WARN_OBJC_IMPLICIT_RETAIN_SELF = YES;
				CLANG_WARN_OBJC_LITERAL_CONVERSION = YES;
				CLANG_WARN_OBJC_ROOT_CLASS = YES_ERROR;
				CLANG_WARN_QUOTED_INCLUDE_IN_FRAMEWORK_HEADER = YES;
				CLANG_WARN_RANGE_LOOP_ANALYSIS = YES;
				CLANG_WARN_STRICT_PROTOTYPES = YES;
				CLANG_WARN_SUSPICIOUS_MOVE = YES;
				CLANG_WARN_UNGUARDED_AVAILABILITY = YES_AGGRESSIVE;
				CLANG_WARN_UNREACHABLE_CODE = YES;
				CLANG_WARN__DUPLICATE_METHOD_MATCH = YES;
				COPY_PHASE_STRIP = NO;
				DEBUG_INFORMATION_FORMAT = "dwarf-with-dsym";
				ENABLE_NS_ASSERTIONS = NO;
				ENABLE_STRICT_OBJC_MSGSEND = YES;
				GCC_C_LANGUAGE_STANDARD = gnu11;
				GCC_NO_COMMON_BLOCKS = YES;
				GCC_WARN_64_TO_32_BIT_CONVERSION = YES;
				GCC_WARN_ABOUT_RETURN_TYPE = YES_ERROR;
				GCC_WARN_UNDECLARED_SELECTOR = YES;
				GCC_WARN_UNINITIALIZED_AUTOS = YES_AGGRESSIVE;
				GCC_WARN_UNUSED_FUNCTION = YES;
				GCC_WARN_UNUSED_VARIABLE = YES;
				IPHONEOS_DEPLOYMENT_TARGET = 15.2;
				MTL_ENABLE_DEBUG_INFO = NO;
				MTL_FAST_MATH = YES;
				SDKROOT = iphoneos;
				SWIFT_COMPILATION_MODE = wholemodule;
				SWIFT_OPTIMIZATION_LEVEL = "-O";
				VALIDATE_PRODUCT = YES;
			};
			name = Release;
		};
		487903C827B4C10800E9389A /* Debug */ = {
			isa = XCBuildConfiguration;
			buildSettings = {
				ASSETCATALOG_COMPILER_APPICON_NAME = AppIcon;
				ASSETCATALOG_COMPILER_GLOBAL_ACCENT_COLOR_NAME = AccentColor;
				CODE_SIGN_STYLE = Automatic;
				CURRENT_PROJECT_VERSION = 1;
				DEVELOPMENT_TEAM = C9K6BAGF4N;
				GENERATE_INFOPLIST_FILE = YES;
				INFOPLIST_FILE = MusicApp/Info.plist;
				INFOPLIST_KEY_UIApplicationSupportsIndirectInputEvents = YES;
				INFOPLIST_KEY_UILaunchStoryboardName = LaunchScreen;
				INFOPLIST_KEY_UIMainStoryboardFile = Main;
				INFOPLIST_KEY_UISupportedInterfaceOrientations_iPad = "UIInterfaceOrientationPortrait UIInterfaceOrientationPortraitUpsideDown UIInterfaceOrientationLandscapeLeft UIInterfaceOrientationLandscapeRight";
				INFOPLIST_KEY_UISupportedInterfaceOrientations_iPhone = "UIInterfaceOrientationPortrait UIInterfaceOrientationLandscapeLeft UIInterfaceOrientationLandscapeRight";
				LD_RUNPATH_SEARCH_PATHS = (
					"$(inherited)",
					"@executable_path/Frameworks",
				);
				MARKETING_VERSION = 1.0;
				PRODUCT_BUNDLE_IDENTIFIER = com.aditya.MusicApp;
				PRODUCT_NAME = "$(TARGET_NAME)";
				SWIFT_EMIT_LOC_STRINGS = YES;
				SWIFT_VERSION = 5.0;
				TARGETED_DEVICE_FAMILY = "1,2";
			};
			name = Debug;
		};
		487903C927B4C10800E9389A /* Release */ = {
			isa = XCBuildConfiguration;
			buildSettings = {
				ASSETCATALOG_COMPILER_APPICON_NAME = AppIcon;
				ASSETCATALOG_COMPILER_GLOBAL_ACCENT_COLOR_NAME = AccentColor;
				CODE_SIGN_STYLE = Automatic;
				CURRENT_PROJECT_VERSION = 1;
				DEVELOPMENT_TEAM = C9K6BAGF4N;
				GENERATE_INFOPLIST_FILE = YES;
				INFOPLIST_FILE = MusicApp/Info.plist;
				INFOPLIST_KEY_UIApplicationSupportsIndirectInputEvents = YES;
				INFOPLIST_KEY_UILaunchStoryboardName = LaunchScreen;
				INFOPLIST_KEY_UIMainStoryboardFile = Main;
				INFOPLIST_KEY_UISupportedInterfaceOrientations_iPad = "UIInterfaceOrientationPortrait UIInterfaceOrientationPortraitUpsideDown UIInterfaceOrientationLandscapeLeft UIInterfaceOrientationLandscapeRight";
				INFOPLIST_KEY_UISupportedInterfaceOrientations_iPhone = "UIInterfaceOrientationPortrait UIInterfaceOrientationLandscapeLeft UIInterfaceOrientationLandscapeRight";
				LD_RUNPATH_SEARCH_PATHS = (
					"$(inherited)",
					"@executable_path/Frameworks",
				);
				MARKETING_VERSION = 1.0;
				PRODUCT_BUNDLE_IDENTIFIER = com.aditya.MusicApp;
				PRODUCT_NAME = "$(TARGET_NAME)";
				SWIFT_EMIT_LOC_STRINGS = YES;
				SWIFT_VERSION = 5.0;
				TARGETED_DEVICE_FAMILY = "1,2";
			};
			name = Release;
		};
/* End XCBuildConfiguration section */

/* Begin XCConfigurationList section */
		487903AE27B4C10600E9389A /* Build configuration list for PBXProject "MusicApp" */ = {
			isa = XCConfigurationList;
			buildConfigurations = (
				487903C527B4C10800E9389A /* Debug */,
				487903C627B4C10800E9389A /* Release */,
			);
			defaultConfigurationIsVisible = 0;
			defaultConfigurationName = Release;
		};
		487903C727B4C10800E9389A /* Build configuration list for PBXNativeTarget "MusicApp" */ = {
			isa = XCConfigurationList;
			buildConfigurations = (
				487903C827B4C10800E9389A /* Debug */,
				487903C927B4C10800E9389A /* Release */,
			);
			defaultConfigurationIsVisible = 0;
			defaultConfigurationName = Release;
		};
/* End XCConfigurationList section */
	};
	rootObject = 487903AB27B4C10600E9389A /* Project object */;
}
